
Microsoft Visual Studio Solution File, Format Version 12.00
# Visual Studio 15
VisualStudioVersion = 15.0.28307.168
MinimumVisualStudioVersion = 10.0.40219.1
Project("{FAE04EC0-301F-11D3-BF4B-00C04F79EFBC}") = "SalaryGrid", "SalaryGrid\SalaryGrid.csproj", "{1A5F32D2-C827-4CBF-AC20-D7E16B6FF98A}"
EndProject
Global
	GlobalSection(SolutionConfigurationPlatforms) = preSolution
		Debug|Any CPU = Debug|Any CPU
		Release|Any CPU = Release|Any CPU
	EndGlobalSection
	GlobalSection(ProjectConfigurationPlatforms) = postSolution
		{1A5F32D2-C827-4CBF-AC20-D7E16B6FF98A}.Debug|Any CPU.ActiveCfg = Debug|Any CPU
		{1A5F32D2-C827-4CBF-AC20-D7E16B6FF98A}.Debug|Any CPU.Build.0 = Debug|Any CPU
		{1A5F32D2-C827-4CBF-AC20-D7E16B6FF98A}.Release|Any CPU.ActiveCfg = Release|Any CPU
		{1A5F32D2-C827-4CBF-AC20-D7E16B6FF98A}.Release|Any CPU.Build.0 = Release|Any CPU
	EndGlobalSection
	GlobalSection(SolutionProperties) = preSolution
		HideSolutionNode = FALSE
	EndGlobalSection
	GlobalSection(ExtensibilityGlobals) = postSolution
		SolutionGuid = {20AAD13C-AB57-40D8-BF2A-1F43D3618A27}
	EndGlobalSection
EndGlobal
