
Microsoft Visual Studio Solution File, Format Version 12.00
# Visual Studio Version 16
VisualStudioVersion = 16.0.29911.84
MinimumVisualStudioVersion = 10.0.40219.1
Project("{FAE04EC0-301F-11D3-BF4B-00C04F79EFBC}") = "Temperature conversion _methods", "Temperature conversion _methods\Temperature conversion _methods.csproj", "{5A64177B-5247-4155-B7D7-5995E3635FDE}"
EndProject
Global
	GlobalSection(SolutionConfigurationPlatforms) = preSolution
		Debug|Any CPU = Debug|Any CPU
		Release|Any CPU = Release|Any CPU
	EndGlobalSection
	GlobalSection(ProjectConfigurationPlatforms) = postSolution
		{5A64177B-5247-4155-B7D7-5995E3635FDE}.Debug|Any CPU.ActiveCfg = Debug|Any CPU
		{5A64177B-5247-4155-B7D7-5995E3635FDE}.Debug|Any CPU.Build.0 = Debug|Any CPU
		{5A64177B-5247-4155-B7D7-5995E3635FDE}.Release|Any CPU.ActiveCfg = Release|Any CPU
		{5A64177B-5247-4155-B7D7-5995E3635FDE}.Release|Any CPU.Build.0 = Release|Any CPU
	EndGlobalSection
	GlobalSection(SolutionProperties) = preSolution
		HideSolutionNode = FALSE
	EndGlobalSection
	GlobalSection(ExtensibilityGlobals) = postSolution
		SolutionGuid = {1DB06A92-DBE3-4456-BA0B-CEC14D2A37E5}
	EndGlobalSection
EndGlobal
