
Microsoft Visual Studio Solution File, Format Version 12.00
# Visual Studio Version 16
VisualStudioVersion = 16.0.29911.84
MinimumVisualStudioVersion = 10.0.40219.1
Project("{FAE04EC0-301F-11D3-BF4B-00C04F79EFBC}") = "deep_copy_demo", "deep_copy_demo\deep_copy_demo.csproj", "{2E6C8A25-FA0A-4043-BE50-5B8CB2449417}"
EndProject
Global
	GlobalSection(SolutionConfigurationPlatforms) = preSolution
		Debug|Any CPU = Debug|Any CPU
		Release|Any CPU = Release|Any CPU
	EndGlobalSection
	GlobalSection(ProjectConfigurationPlatforms) = postSolution
		{2E6C8A25-FA0A-4043-BE50-5B8CB2449417}.Debug|Any CPU.ActiveCfg = Debug|Any CPU
		{2E6C8A25-FA0A-4043-BE50-5B8CB2449417}.Debug|Any CPU.Build.0 = Debug|Any CPU
		{2E6C8A25-FA0A-4043-BE50-5B8CB2449417}.Release|Any CPU.ActiveCfg = Release|Any CPU
		{2E6C8A25-FA0A-4043-BE50-5B8CB2449417}.Release|Any CPU.Build.0 = Release|Any CPU
	EndGlobalSection
	GlobalSection(SolutionProperties) = preSolution
		HideSolutionNode = FALSE
	EndGlobalSection
	GlobalSection(ExtensibilityGlobals) = postSolution
		SolutionGuid = {D0084A45-E8A2-4F15-8B59-C996FB14D9FA}
	EndGlobalSection
EndGlobal
