
Microsoft Visual Studio Solution File, Format Version 12.00
# Visual Studio Version 16
VisualStudioVersion = 16.0.29911.84
MinimumVisualStudioVersion = 10.0.40219.1
Project("{FAE04EC0-301F-11D3-BF4B-00C04F79EFBC}") = "TrapezoidArea", "TrapezoidArea\TrapezoidArea.csproj", "{67EA5021-F3B9-4242-ADF1-95CEE5592806}"
EndProject
Global
	GlobalSection(SolutionConfigurationPlatforms) = preSolution
		Debug|Any CPU = Debug|Any CPU
		Release|Any CPU = Release|Any CPU
	EndGlobalSection
	GlobalSection(ProjectConfigurationPlatforms) = postSolution
		{67EA5021-F3B9-4242-ADF1-95CEE5592806}.Debug|Any CPU.ActiveCfg = Debug|Any CPU
		{67EA5021-F3B9-4242-ADF1-95CEE5592806}.Debug|Any CPU.Build.0 = Debug|Any CPU
		{67EA5021-F3B9-4242-ADF1-95CEE5592806}.Release|Any CPU.ActiveCfg = Release|Any CPU
		{67EA5021-F3B9-4242-ADF1-95CEE5592806}.Release|Any CPU.Build.0 = Release|Any CPU
	EndGlobalSection
	GlobalSection(SolutionProperties) = preSolution
		HideSolutionNode = FALSE
	EndGlobalSection
	GlobalSection(ExtensibilityGlobals) = postSolution
		SolutionGuid = {4BE5BE26-0075-48C2-BF63-25C548D3F039}
	EndGlobalSection
EndGlobal
