
Microsoft Visual Studio Solution File, Format Version 12.00
# Visual Studio Version 16
VisualStudioVersion = 16.0.29911.84
MinimumVisualStudioVersion = 10.0.40219.1
Project("{FAE04EC0-301F-11D3-BF4B-00C04F79EFBC}") = "Product Class Developement", "Product Class Developement\Product Class Developement.csproj", "{F785F586-C4AE-4D24-9D07-71AE2468B1BF}"
EndProject
Global
	GlobalSection(SolutionConfigurationPlatforms) = preSolution
		Debug|Any CPU = Debug|Any CPU
		Release|Any CPU = Release|Any CPU
	EndGlobalSection
	GlobalSection(ProjectConfigurationPlatforms) = postSolution
		{F785F586-C4AE-4D24-9D07-71AE2468B1BF}.Debug|Any CPU.ActiveCfg = Debug|Any CPU
		{F785F586-C4AE-4D24-9D07-71AE2468B1BF}.Debug|Any CPU.Build.0 = Debug|Any CPU
		{F785F586-C4AE-4D24-9D07-71AE2468B1BF}.Release|Any CPU.ActiveCfg = Release|Any CPU
		{F785F586-C4AE-4D24-9D07-71AE2468B1BF}.Release|Any CPU.Build.0 = Release|Any CPU
	EndGlobalSection
	GlobalSection(SolutionProperties) = preSolution
		HideSolutionNode = FALSE
	EndGlobalSection
	GlobalSection(ExtensibilityGlobals) = postSolution
		SolutionGuid = {18208D2A-BCC6-426D-9A38-622D520D7EAC}
	EndGlobalSection
EndGlobal
