
Microsoft Visual Studio Solution File, Format Version 12.00
# Visual Studio Version 16
VisualStudioVersion = 16.0.29911.84
MinimumVisualStudioVersion = 10.0.40219.1
Project("{FAE04EC0-301F-11D3-BF4B-00C04F79EFBC}") = "triangle area verison 1", "triangle area verison 1\triangle area verison 1.csproj", "{81A49295-C1AC-4BB1-9AA4-DBB13EBD5C3F}"
EndProject
Global
	GlobalSection(SolutionConfigurationPlatforms) = preSolution
		Debug|Any CPU = Debug|Any CPU
		Release|Any CPU = Release|Any CPU
	EndGlobalSection
	GlobalSection(ProjectConfigurationPlatforms) = postSolution
		{81A49295-C1AC-4BB1-9AA4-DBB13EBD5C3F}.Debug|Any CPU.ActiveCfg = Debug|Any CPU
		{81A49295-C1AC-4BB1-9AA4-DBB13EBD5C3F}.Debug|Any CPU.Build.0 = Debug|Any CPU
		{81A49295-C1AC-4BB1-9AA4-DBB13EBD5C3F}.Release|Any CPU.ActiveCfg = Release|Any CPU
		{81A49295-C1AC-4BB1-9AA4-DBB13EBD5C3F}.Release|Any CPU.Build.0 = Release|Any CPU
	EndGlobalSection
	GlobalSection(SolutionProperties) = preSolution
		HideSolutionNode = FALSE
	EndGlobalSection
	GlobalSection(ExtensibilityGlobals) = postSolution
		SolutionGuid = {8868EB6F-FDD3-407E-A092-ACCC5C83B5AD}
	EndGlobalSection
EndGlobal
