
Microsoft Visual Studio Solution File, Format Version 12.00
# Visual Studio Version 16
VisualStudioVersion = 16.0.29911.84
MinimumVisualStudioVersion = 10.0.40219.1
Project("{FAE04EC0-301F-11D3-BF4B-00C04F79EFBC}") = "Hello World", "Hello World\Hello World.csproj", "{DB39CC27-B078-4CD7-9B65-D69371D89BF0}"
EndProject
Global
	GlobalSection(SolutionConfigurationPlatforms) = preSolution
		Debug|Any CPU = Debug|Any CPU
		Release|Any CPU = Release|Any CPU
	EndGlobalSection
	GlobalSection(ProjectConfigurationPlatforms) = postSolution
		{DB39CC27-B078-4CD7-9B65-D69371D89BF0}.Debug|Any CPU.ActiveCfg = Debug|Any CPU
		{DB39CC27-B078-4CD7-9B65-D69371D89BF0}.Debug|Any CPU.Build.0 = Debug|Any CPU
		{DB39CC27-B078-4CD7-9B65-D69371D89BF0}.Release|Any CPU.ActiveCfg = Release|Any CPU
		{DB39CC27-B078-4CD7-9B65-D69371D89BF0}.Release|Any CPU.Build.0 = Release|Any CPU
	EndGlobalSection
	GlobalSection(SolutionProperties) = preSolution
		HideSolutionNode = FALSE
	EndGlobalSection
	GlobalSection(ExtensibilityGlobals) = postSolution
		SolutionGuid = {964DADFA-D462-4B7D-83C7-5344D0E7DB20}
	EndGlobalSection
EndGlobal
