
Microsoft Visual Studio Solution File, Format Version 12.00
# Visual Studio Version 16
VisualStudioVersion = 16.0.29911.84
MinimumVisualStudioVersion = 10.0.40219.1
Project("{FAE04EC0-301F-11D3-BF4B-00C04F79EFBC}") = "Bilbo Eggs", "Bilbo Eggs\Bilbo Eggs.csproj", "{D3F6CA09-E4CE-4E05-AC2C-CE22BCA13FE4}"
EndProject
Global
	GlobalSection(SolutionConfigurationPlatforms) = preSolution
		Debug|Any CPU = Debug|Any CPU
		Release|Any CPU = Release|Any CPU
	EndGlobalSection
	GlobalSection(ProjectConfigurationPlatforms) = postSolution
		{D3F6CA09-E4CE-4E05-AC2C-CE22BCA13FE4}.Debug|Any CPU.ActiveCfg = Debug|Any CPU
		{D3F6CA09-E4CE-4E05-AC2C-CE22BCA13FE4}.Debug|Any CPU.Build.0 = Debug|Any CPU
		{D3F6CA09-E4CE-4E05-AC2C-CE22BCA13FE4}.Release|Any CPU.ActiveCfg = Release|Any CPU
		{D3F6CA09-E4CE-4E05-AC2C-CE22BCA13FE4}.Release|Any CPU.Build.0 = Release|Any CPU
	EndGlobalSection
	GlobalSection(SolutionProperties) = preSolution
		HideSolutionNode = FALSE
	EndGlobalSection
	GlobalSection(ExtensibilityGlobals) = postSolution
		SolutionGuid = {8492213D-15FD-49C4-BC53-91FA4AE6ACCC}
	EndGlobalSection
EndGlobal
